
Microsoft Visual Studio Solution File, Format Version 12.00
# Visual Studio 15
VisualStudioVersion = 15.0.27703.2026
MinimumVisualStudioVersion = 10.0.40219.1
Project("{FAE04EC0-301F-11D3-BF4B-00C04F79EFBC}") = "LeetCodeReverseInt", "LeetCodeReverseInt\LeetCodeReverseInt.csproj", "{B6D2A448-B0A6-4C44-8EEC-3AF851D9DB0C}"
EndProject
Global
	GlobalSection(SolutionConfigurationPlatforms) = preSolution
		Debug|Any CPU = Debug|Any CPU
		Release|Any CPU = Release|Any CPU
	EndGlobalSection
	GlobalSection(ProjectConfigurationPlatforms) = postSolution
		{B6D2A448-B0A6-4C44-8EEC-3AF851D9DB0C}.Debug|Any CPU.ActiveCfg = Debug|Any CPU
		{B6D2A448-B0A6-4C44-8EEC-3AF851D9DB0C}.Debug|Any CPU.Build.0 = Debug|Any CPU
		{B6D2A448-B0A6-4C44-8EEC-3AF851D9DB0C}.Release|Any CPU.ActiveCfg = Release|Any CPU
		{B6D2A448-B0A6-4C44-8EEC-3AF851D9DB0C}.Release|Any CPU.Build.0 = Release|Any CPU
	EndGlobalSection
	GlobalSection(SolutionProperties) = preSolution
		HideSolutionNode = FALSE
	EndGlobalSection
	GlobalSection(ExtensibilityGlobals) = postSolution
		SolutionGuid = {52BC2B6F-3C7E-47FA-A45D-09236392F7A2}
	EndGlobalSection
EndGlobal
